
Microsoft Visual Studio Solution File, Format Version 12.00
# Visual Studio Version 16
VisualStudioVersion = 16.0.31205.134
MinimumVisualStudioVersion = 10.0.40219.1
Project("{FAE04EC0-301F-11D3-BF4B-00C04F79EFBC}") = "ContosoUniversity", "ContosoUniversity.csproj", "{08CE2B39-DDBD-49E2-A581-BD7FDEBA2B3B}"
EndProject
Global
	GlobalSection(SolutionConfigurationPlatforms) = preSolution
		Debug|Any CPU = Debug|Any CPU
		Release|Any CPU = Release|Any CPU
	EndGlobalSection
	GlobalSection(ProjectConfigurationPlatforms) = postSolution
		{08CE2B39-DDBD-49E2-A581-BD7FDEBA2B3B}.Debug|Any CPU.ActiveCfg = Debug|Any CPU
		{08CE2B39-DDBD-49E2-A581-BD7FDEBA2B3B}.Debug|Any CPU.Build.0 = Debug|Any CPU
		{08CE2B39-DDBD-49E2-A581-BD7FDEBA2B3B}.Release|Any CPU.ActiveCfg = Release|Any CPU
		{08CE2B39-DDBD-49E2-A581-BD7FDEBA2B3B}.Release|Any CPU.Build.0 = Release|Any CPU
	EndGlobalSection
	GlobalSection(SolutionProperties) = preSolution
		HideSolutionNode = FALSE
	EndGlobalSection
	GlobalSection(ExtensibilityGlobals) = postSolution
		SolutionGuid = {2C4E548E-2797-4F8D-8104-9DEC709A4FD4}
	EndGlobalSection
EndGlobal
